
Microsoft Visual Studio Solution File, Format Version 12.00
# Visual Studio 15
VisualStudioVersion = 15.0.28307.1321
MinimumVisualStudioVersion = 10.0.40219.1
Project("{FAE04EC0-301F-11D3-BF4B-00C04F79EFBC}") = "Rynek", "Rynek\Rynek.csproj", "{8FFA3FD7-ADF5-4955-A637-7542287027F9}"
EndProject
Global
	GlobalSection(SolutionConfigurationPlatforms) = preSolution
		Debug|Any CPU = Debug|Any CPU
		Release|Any CPU = Release|Any CPU
	EndGlobalSection
	GlobalSection(ProjectConfigurationPlatforms) = postSolution
		{8FFA3FD7-ADF5-4955-A637-7542287027F9}.Debug|Any CPU.ActiveCfg = Debug|Any CPU
		{8FFA3FD7-ADF5-4955-A637-7542287027F9}.Debug|Any CPU.Build.0 = Debug|Any CPU
		{8FFA3FD7-ADF5-4955-A637-7542287027F9}.Release|Any CPU.ActiveCfg = Release|Any CPU
		{8FFA3FD7-ADF5-4955-A637-7542287027F9}.Release|Any CPU.Build.0 = Release|Any CPU
	EndGlobalSection
	GlobalSection(SolutionProperties) = preSolution
		HideSolutionNode = FALSE
	EndGlobalSection
	GlobalSection(ExtensibilityGlobals) = postSolution
		SolutionGuid = {A70B5CCC-08B8-49A5-A0A1-751693D2F8A4}
	EndGlobalSection
EndGlobal
